schema: '2.0'
stages:
  load_data:
    cmd: python src/load_data.py --config=params.yaml
    deps:
    - path: data_given/wine-quality.csv
      md5: 1dee745a7fbfdd649c72cf1401ec8a8b
      size: 269128
    - path: src/get_data.py
      md5: 75e60a9706fa6e47896c58bfcde46bba
      size: 691
    - path: src/load_data.py
      md5: 72f0a11f2befb7bad30cfc6ecf98687d
      size: 719
    outs:
    - path: data/raw/wine-quality.csv
      md5: 5e00a2ab767fe982719ac19f6a3053a7
      size: 292116
  split_data:
    cmd: python src/split_data.py --config=params.yaml
    deps:
    - path: data/raw/wine-quality.csv
      md5: 5e00a2ab767fe982719ac19f6a3053a7
      size: 292116
    - path: src/split_data.py
      md5: 77cf9ca4d4ee1a68ae69fabb12182b5d
      size: 1197
    outs:
    - path: data/processed/test_winequality.csv
      md5: 8b5be821cc91ec32c3f0c4af46011ccb
      size: 58565
    - path: data/processed/train_winequality.csv
      md5: f907f4bb17dd93c58c830baa650290ef
      size: 233697
  train_and_evaluate:
    cmd: python src/train_and_evaluate.py --config=params.yaml
    deps:
    - path: data/processed/test_winequality.csv
      md5: 8b5be821cc91ec32c3f0c4af46011ccb
      size: 58565
    - path: data/processed/train_winequality.csv
      md5: f907f4bb17dd93c58c830baa650290ef
      size: 233697
    - path: src/train_and_evaluate.py
      md5: 53a9c88be6054fa3b0c60da08777802b
      size: 2713
    params:
      params.yaml:
        estimators.ElasticNet.params.alpha: 0.88
        estimators.ElasticNet.params.l1_ratio: 0.89
    outs:
    - path: report/params.json
      md5: 85c2ce66aa9879289918131b1c8c7bbf
      size: 46
    - path: report/scores.json
      md5: 3e113aea28814217938ee013b7e9ccc2
      size: 99
    - path: saved_models/model.joblib
      md5: 21ef294073606d59c4b25e39fd300702
      size: 1369
